
Microsoft Visual Studio Solution File, Format Version 12.00
# Visual Studio Version 17
VisualStudioVersion = 17.6.33815.320
MinimumVisualStudioVersion = 10.0.40219.1
Project("{FAE04EC0-301F-11D3-BF4B-00C04F79EFBC}") = "kafkapublisher", "kafkapublisher\kafkapublisher.csproj", "{EA8F05BF-93D7-4208-A1CC-833D72058F1A}"
EndProject
Global
	GlobalSection(SolutionConfigurationPlatforms) = preSolution
		Debug|Any CPU = Debug|Any CPU
		Release|Any CPU = Release|Any CPU
	EndGlobalSection
	GlobalSection(ProjectConfigurationPlatforms) = postSolution
		{EA8F05BF-93D7-4208-A1CC-833D72058F1A}.Debug|Any CPU.ActiveCfg = Debug|Any CPU
		{EA8F05BF-93D7-4208-A1CC-833D72058F1A}.Debug|Any CPU.Build.0 = Debug|Any CPU
		{EA8F05BF-93D7-4208-A1CC-833D72058F1A}.Release|Any CPU.ActiveCfg = Release|Any CPU
		{EA8F05BF-93D7-4208-A1CC-833D72058F1A}.Release|Any CPU.Build.0 = Release|Any CPU
	EndGlobalSection
	GlobalSection(SolutionProperties) = preSolution
		HideSolutionNode = FALSE
	EndGlobalSection
	GlobalSection(ExtensibilityGlobals) = postSolution
		SolutionGuid = {0238D5DB-1CC9-49B1-A76B-8E7F68616A03}
	EndGlobalSection
EndGlobal
